
Microsoft Visual Studio Solution File, Format Version 12.00
# Visual Studio Version 16
VisualStudioVersion = 16.0.31605.320
MinimumVisualStudioVersion = 10.0.40219.1
Project("{FAE04EC0-301F-11D3-BF4B-00C04F79EFBC}") = "soru_1", "soru_1\soru_1.csproj", "{C5CD8462-6068-46DF-8CAF-24AD3810C17C}"
EndProject
Project("{FAE04EC0-301F-11D3-BF4B-00C04F79EFBC}") = "soru_2", "soru_2\soru_2.csproj", "{8EA62F03-01A8-45E1-AA9E-7E725A885EB7}"
EndProject
Global
	GlobalSection(SolutionConfigurationPlatforms) = preSolution
		Debug|Any CPU = Debug|Any CPU
		Release|Any CPU = Release|Any CPU
	EndGlobalSection
	GlobalSection(ProjectConfigurationPlatforms) = postSolution
		{C5CD8462-6068-46DF-8CAF-24AD3810C17C}.Debug|Any CPU.ActiveCfg = Debug|Any CPU
		{C5CD8462-6068-46DF-8CAF-24AD3810C17C}.Debug|Any CPU.Build.0 = Debug|Any CPU
		{C5CD8462-6068-46DF-8CAF-24AD3810C17C}.Release|Any CPU.ActiveCfg = Release|Any CPU
		{C5CD8462-6068-46DF-8CAF-24AD3810C17C}.Release|Any CPU.Build.0 = Release|Any CPU
		{8EA62F03-01A8-45E1-AA9E-7E725A885EB7}.Debug|Any CPU.ActiveCfg = Debug|Any CPU
		{8EA62F03-01A8-45E1-AA9E-7E725A885EB7}.Debug|Any CPU.Build.0 = Debug|Any CPU
		{8EA62F03-01A8-45E1-AA9E-7E725A885EB7}.Release|Any CPU.ActiveCfg = Release|Any CPU
		{8EA62F03-01A8-45E1-AA9E-7E725A885EB7}.Release|Any CPU.Build.0 = Release|Any CPU
	EndGlobalSection
	GlobalSection(SolutionProperties) = preSolution
		HideSolutionNode = FALSE
	EndGlobalSection
	GlobalSection(ExtensibilityGlobals) = postSolution
		SolutionGuid = {1F5425FA-915E-438A-8B25-F4FB76CC7B99}
	EndGlobalSection
EndGlobal
